
Microsoft Visual Studio Solution File, Format Version 12.00
# Visual Studio Version 17
VisualStudioVersion = 17.1.32228.430
MinimumVisualStudioVersion = 10.0.40219.1
Project("{FAE04EC0-301F-11D3-BF4B-00C04F79EFBC}") = "FoodAPI", "FoodAPI\FoodAPI.csproj", "{F926A3C2-DBB1-43D6-A30D-A644967133ED}"
EndProject
Global
	GlobalSection(SolutionConfigurationPlatforms) = preSolution
		Debug|Any CPU = Debug|Any CPU
		Release|Any CPU = Release|Any CPU
	EndGlobalSection
	GlobalSection(ProjectConfigurationPlatforms) = postSolution
		{F926A3C2-DBB1-43D6-A30D-A644967133ED}.Debug|Any CPU.ActiveCfg = Debug|Any CPU
		{F926A3C2-DBB1-43D6-A30D-A644967133ED}.Debug|Any CPU.Build.0 = Debug|Any CPU
		{F926A3C2-DBB1-43D6-A30D-A644967133ED}.Release|Any CPU.ActiveCfg = Release|Any CPU
		{F926A3C2-DBB1-43D6-A30D-A644967133ED}.Release|Any CPU.Build.0 = Release|Any CPU
	EndGlobalSection
	GlobalSection(SolutionProperties) = preSolution
		HideSolutionNode = FALSE
	EndGlobalSection
	GlobalSection(ExtensibilityGlobals) = postSolution
		SolutionGuid = {D224EC40-5AA2-4CBC-9890-9A68299A6692}
	EndGlobalSection
EndGlobal
